// !$*UTF8*$!
{
	archiveVersion = 1;
	classes = {
	};
	objectVersion = 56;
	objects = {

/* Begin PBXBuildFile section */
		777F51F3BF11E6F97B9F7731 /* Pods_iOS_app.framework in Frameworks */ = {isa = PBXBuildFile; fileRef = 9B00033B4666EE4906305A1E /* Pods_iOS_app.framework */; };
		D8A2E6C62AD417BB00FA9340 /* AppDelegate.swift in Sources */ = {isa = PBXBuildFile; fileRef = D8A2E6C52AD417BB00FA9340 /* AppDelegate.swift */; };
		D8A2E6C82AD417BB00FA9340 /* SceneDelegate.swift in Sources */ = {isa = PBXBuildFile; fileRef = D8A2E6C72AD417BB00FA9340 /* SceneDelegate.swift */; };
		D8A2E6CF2AD417BD00FA9340 /* Assets.xcassets in Resources */ = {isa = PBXBuildFile; fileRef = D8A2E6CE2AD417BD00FA9340 /* Assets.xcassets */; };
		D8A2E6D22AD417BD00FA9340 /* LaunchScreen.storyboard in Resources */ = {isa = PBXBuildFile; fileRef = D8A2E6D02AD417BD00FA9340 /* LaunchScreen.storyboard */; };
		D8F7C0B72B023E9400DB7A4E /* Root.swift in Sources */ = {isa = PBXBuildFile; fileRef = D8F7C0B62B023E9400DB7A4E /* Root.swift */; };
		D8F7C0B92B023EAE00DB7A4E /* FoodDTO.swift in Sources */ = {isa = PBXBuildFile; fileRef = D8F7C0B82B023EAE00DB7A4E /* FoodDTO.swift */; };
		D8F7C0BB2B023F5100DB7A4E /* FoodService.swift in Sources */ = {isa = PBXBuildFile; fileRef = D8F7C0BA2B023F5100DB7A4E /* FoodService.swift */; };
		D8F7C0BD2B02421100DB7A4E /* FoodTableManager.swift in Sources */ = {isa = PBXBuildFile; fileRef = D8F7C0BC2B02421100DB7A4E /* FoodTableManager.swift */; };
		D8F7C0BF2B0243F800DB7A4E /* FoodTableView.swift in Sources */ = {isa = PBXBuildFile; fileRef = D8F7C0BE2B0243F800DB7A4E /* FoodTableView.swift */; };
		D8F7C0C12B02461A00DB7A4E /* FoodTableViewController.swift in Sources */ = {isa = PBXBuildFile; fileRef = D8F7C0C02B02461A00DB7A4E /* FoodTableViewController.swift */; };
		D8F7C0C32B02467C00DB7A4E /* FoodTableViewControllerFactory.swift in Sources */ = {isa = PBXBuildFile; fileRef = D8F7C0C22B02467C00DB7A4E /* FoodTableViewControllerFactory.swift */; };
/* End PBXBuildFile section */

/* Begin PBXFileReference section */
		9B00033B4666EE4906305A1E /* Pods_iOS_app.framework */ = {isa = PBXFileReference; explicitFileType = wrapper.framework; includeInIndex = 0; path = Pods_iOS_app.framework; sourceTree = BUILT_PRODUCTS_DIR; };
		D6365D3C6739CBBF991DCE1D /* Pods-iOS_app.debug.xcconfig */ = {isa = PBXFileReference; includeInIndex = 1; lastKnownFileType = text.xcconfig; name = "Pods-iOS_app.debug.xcconfig"; path = "Target Support Files/Pods-iOS_app/Pods-iOS_app.debug.xcconfig"; sourceTree = "<group>"; };
		D8A2E6C22AD417BB00FA9340 /* iOS_app.app */ = {isa = PBXFileReference; explicitFileType = wrapper.application; includeInIndex = 0; path = iOS_app.app; sourceTree = BUILT_PRODUCTS_DIR; };
		D8A2E6C52AD417BB00FA9340 /* AppDelegate.swift */ = {isa = PBXFileReference; lastKnownFileType = sourcecode.swift; path = AppDelegate.swift; sourceTree = "<group>"; };
		D8A2E6C72AD417BB00FA9340 /* SceneDelegate.swift */ = {isa = PBXFileReference; lastKnownFileType = sourcecode.swift; path = SceneDelegate.swift; sourceTree = "<group>"; };
		D8A2E6CE2AD417BD00FA9340 /* Assets.xcassets */ = {isa = PBXFileReference; lastKnownFileType = folder.assetcatalog; path = Assets.xcassets; sourceTree = "<group>"; };
		D8A2E6D12AD417BD00FA9340 /* Base */ = {isa = PBXFileReference; lastKnownFileType = file.storyboard; name = Base; path = Base.lproj/LaunchScreen.storyboard; sourceTree = "<group>"; };
		D8A2E6D32AD417BD00FA9340 /* Info.plist */ = {isa = PBXFileReference; lastKnownFileType = text.plist.xml; path = Info.plist; sourceTree = "<group>"; };
		D8F7C0B62B023E9400DB7A4E /* Root.swift */ = {isa = PBXFileReference; lastKnownFileType = sourcecode.swift; path = Root.swift; sourceTree = "<group>"; };
		D8F7C0B82B023EAE00DB7A4E /* FoodDTO.swift */ = {isa = PBXFileReference; lastKnownFileType = sourcecode.swift; path = FoodDTO.swift; sourceTree = "<group>"; };
		D8F7C0BA2B023F5100DB7A4E /* FoodService.swift */ = {isa = PBXFileReference; lastKnownFileType = sourcecode.swift; path = FoodService.swift; sourceTree = "<group>"; };
		D8F7C0BC2B02421100DB7A4E /* FoodTableManager.swift */ = {isa = PBXFileReference; lastKnownFileType = sourcecode.swift; path = FoodTableManager.swift; sourceTree = "<group>"; };
		D8F7C0BE2B0243F800DB7A4E /* FoodTableView.swift */ = {isa = PBXFileReference; lastKnownFileType = sourcecode.swift; path = FoodTableView.swift; sourceTree = "<group>"; };
		D8F7C0C02B02461A00DB7A4E /* FoodTableViewController.swift */ = {isa = PBXFileReference; lastKnownFileType = sourcecode.swift; path = FoodTableViewController.swift; sourceTree = "<group>"; };
		D8F7C0C22B02467C00DB7A4E /* FoodTableViewControllerFactory.swift */ = {isa = PBXFileReference; lastKnownFileType = sourcecode.swift; path = FoodTableViewControllerFactory.swift; sourceTree = "<group>"; };
		E4D236F934305A206941D917 /* Pods-iOS_app.release.xcconfig */ = {isa = PBXFileReference; includeInIndex = 1; lastKnownFileType = text.xcconfig; name = "Pods-iOS_app.release.xcconfig"; path = "Target Support Files/Pods-iOS_app/Pods-iOS_app.release.xcconfig"; sourceTree = "<group>"; };
/* End PBXFileReference section */

/* Begin PBXFrameworksBuildPhase section */
		D8A2E6BF2AD417BB00FA9340 /* Frameworks */ = {
			isa = PBXFrameworksBuildPhase;
			buildActionMask = 2147483647;
			files = (
				777F51F3BF11E6F97B9F7731 /* Pods_iOS_app.framework in Frameworks */,
			);
			runOnlyForDeploymentPostprocessing = 0;
		};
/* End PBXFrameworksBuildPhase section */

/* Begin PBXGroup section */
		7D3AF5E7106A591AC1B1786F /* Pods */ = {
			isa = PBXGroup;
			children = (
				D6365D3C6739CBBF991DCE1D /* Pods-iOS_app.debug.xcconfig */,
				E4D236F934305A206941D917 /* Pods-iOS_app.release.xcconfig */,
			);
			path = Pods;
			sourceTree = "<group>";
		};
		CEAA9B0B1E306DD1FC09F183 /* Frameworks */ = {
			isa = PBXGroup;
			children = (
				9B00033B4666EE4906305A1E /* Pods_iOS_app.framework */,
			);
			name = Frameworks;
			sourceTree = "<group>";
		};
		D8A2E6B92AD417BB00FA9340 = {
			isa = PBXGroup;
			children = (
				D8A2E6C42AD417BB00FA9340 /* iOS_app */,
				D8A2E6C32AD417BB00FA9340 /* Products */,
				7D3AF5E7106A591AC1B1786F /* Pods */,
				CEAA9B0B1E306DD1FC09F183 /* Frameworks */,
			);
			sourceTree = "<group>";
		};
		D8A2E6C32AD417BB00FA9340 /* Products */ = {
			isa = PBXGroup;
			children = (
				D8A2E6C22AD417BB00FA9340 /* iOS_app.app */,
			);
			name = Products;
			sourceTree = "<group>";
		};
		D8A2E6C42AD417BB00FA9340 /* iOS_app */ = {
			isa = PBXGroup;
			children = (
				D8F7C0B52B023E7400DB7A4E /* FoodTable */,
				D8A2E6C52AD417BB00FA9340 /* AppDelegate.swift */,
				D8A2E6C72AD417BB00FA9340 /* SceneDelegate.swift */,
				D8A2E6CE2AD417BD00FA9340 /* Assets.xcassets */,
				D8A2E6D02AD417BD00FA9340 /* LaunchScreen.storyboard */,
				D8A2E6D32AD417BD00FA9340 /* Info.plist */,
			);
			path = iOS_app;
			sourceTree = "<group>";
		};
		D8F7C0B52B023E7400DB7A4E /* FoodTable */ = {
			isa = PBXGroup;
			children = (
				D8F7C0B62B023E9400DB7A4E /* Root.swift */,
				D8F7C0B82B023EAE00DB7A4E /* FoodDTO.swift */,
				D8F7C0BA2B023F5100DB7A4E /* FoodService.swift */,
				D8F7C0BC2B02421100DB7A4E /* FoodTableManager.swift */,
				D8F7C0BE2B0243F800DB7A4E /* FoodTableView.swift */,
				D8F7C0C02B02461A00DB7A4E /* FoodTableViewController.swift */,
				D8F7C0C22B02467C00DB7A4E /* FoodTableViewControllerFactory.swift */,
			);
			path = FoodTable;
			sourceTree = "<group>";
		};
/* End PBXGroup section */

/* Begin PBXNativeTarget section */
		D8A2E6C12AD417BB00FA9340 /* iOS_app */ = {
			isa = PBXNativeTarget;
			buildConfigurationList = D8A2E6D62AD417BD00FA9340 /* Build configuration list for PBXNativeTarget "iOS_app" */;
			buildPhases = (
				288975343D7C314765A2BF5A /* [CP] Check Pods Manifest.lock */,
				D8A2E6BE2AD417BB00FA9340 /* Sources */,
				D8A2E6BF2AD417BB00FA9340 /* Frameworks */,
				D8A2E6C02AD417BB00FA9340 /* Resources */,
				BDB874EEBB917B96F6B01C92 /* [CP] Embed Pods Frameworks */,
			);
			buildRules = (
			);
			dependencies = (
			);
			name = iOS_app;
			productName = iOS_app;
			productReference = D8A2E6C22AD417BB00FA9340 /* iOS_app.app */;
			productType = "com.apple.product-type.application";
		};
/* End PBXNativeTarget section */

/* Begin PBXProject section */
		D8A2E6BA2AD417BB00FA9340 /* Project object */ = {
			isa = PBXProject;
			attributes = {
				BuildIndependentTargetsInParallel = 1;
				LastSwiftUpdateCheck = 1500;
				LastUpgradeCheck = 1500;
				TargetAttributes = {
					D8A2E6C12AD417BB00FA9340 = {
						CreatedOnToolsVersion = 15.0;
					};
				};
			};
			buildConfigurationList = D8A2E6BD2AD417BB00FA9340 /* Build configuration list for PBXProject "iOS_app" */;
			compatibilityVersion = "Xcode 14.0";
			developmentRegion = en;
			hasScannedForEncodings = 0;
			knownRegions = (
				en,
				Base,
			);
			mainGroup = D8A2E6B92AD417BB00FA9340;
			productRefGroup = D8A2E6C32AD417BB00FA9340 /* Products */;
			projectDirPath = "";
			projectRoot = "";
			targets = (
				D8A2E6C12AD417BB00FA9340 /* iOS_app */,
			);
		};
/* End PBXProject section */

/* Begin PBXResourcesBuildPhase section */
		D8A2E6C02AD417BB00FA9340 /* Resources */ = {
			isa = PBXResourcesBuildPhase;
			buildActionMask = 2147483647;
			files = (
				D8A2E6D22AD417BD00FA9340 /* LaunchScreen.storyboard in Resources */,
				D8A2E6CF2AD417BD00FA9340 /* Assets.xcassets in Resources */,
			);
			runOnlyForDeploymentPostprocessing = 0;
		};
/* End PBXResourcesBuildPhase section */

/* Begin PBXShellScriptBuildPhase section */
		288975343D7C314765A2BF5A /* [CP] Check Pods Manifest.lock */ = {
			isa = PBXShellScriptBuildPhase;
			buildActionMask = 2147483647;
			files = (
			);
			inputFileListPaths = (
			);
			inputPaths = (
				"${PODS_PODFILE_DIR_PATH}/Podfile.lock",
				"${PODS_ROOT}/Manifest.lock",
			);
			name = "[CP] Check Pods Manifest.lock";
			outputFileListPaths = (
			);
			outputPaths = (
				"$(DERIVED_FILE_DIR)/Pods-iOS_app-checkManifestLockResult.txt",
			);
			runOnlyForDeploymentPostprocessing = 0;
			shellPath = /bin/sh;
			shellScript = "diff \"${PODS_PODFILE_DIR_PATH}/Podfile.lock\" \"${PODS_ROOT}/Manifest.lock\" > /dev/null\nif [ $? != 0 ] ; then\n    # print error to STDERR\n    echo \"error: The sandbox is not in sync with the Podfile.lock. Run 'pod install' or update your CocoaPods installation.\" >&2\n    exit 1\nfi\n# This output is used by Xcode 'outputs' to avoid re-running this script phase.\necho \"SUCCESS\" > \"${SCRIPT_OUTPUT_FILE_0}\"\n";
			showEnvVarsInLog = 0;
		};
		BDB874EEBB917B96F6B01C92 /* [CP] Embed Pods Frameworks */ = {
			isa = PBXShellScriptBuildPhase;
			buildActionMask = 2147483647;
			files = (
			);
			inputFileListPaths = (
				"${PODS_ROOT}/Target Support Files/Pods-iOS_app/Pods-iOS_app-frameworks-${CONFIGURATION}-input-files.xcfilelist",
			);
			name = "[CP] Embed Pods Frameworks";
			outputFileListPaths = (
				"${PODS_ROOT}/Target Support Files/Pods-iOS_app/Pods-iOS_app-frameworks-${CONFIGURATION}-output-files.xcfilelist",
			);
			runOnlyForDeploymentPostprocessing = 0;
			shellPath = /bin/sh;
			shellScript = "\"${PODS_ROOT}/Target Support Files/Pods-iOS_app/Pods-iOS_app-frameworks.sh\"\n";
			showEnvVarsInLog = 0;
		};
/* End PBXShellScriptBuildPhase section */

/* Begin PBXSourcesBuildPhase section */
		D8A2E6BE2AD417BB00FA9340 /* Sources */ = {
			isa = PBXSourcesBuildPhase;
			buildActionMask = 2147483647;
			files = (
				D8F7C0C12B02461A00DB7A4E /* FoodTableViewController.swift in Sources */,
				D8F7C0C32B02467C00DB7A4E /* FoodTableViewControllerFactory.swift in Sources */,
				D8F7C0BF2B0243F800DB7A4E /* FoodTableView.swift in Sources */,
				D8F7C0BB2B023F5100DB7A4E /* FoodService.swift in Sources */,
				D8F7C0B72B023E9400DB7A4E /* Root.swift in Sources */,
				D8A2E6C62AD417BB00FA9340 /* AppDelegate.swift in Sources */,
				D8F7C0B92B023EAE00DB7A4E /* FoodDTO.swift in Sources */,
				D8F7C0BD2B02421100DB7A4E /* FoodTableManager.swift in Sources */,
				D8A2E6C82AD417BB00FA9340 /* SceneDelegate.swift in Sources */,
			);
			runOnlyForDeploymentPostprocessing = 0;
		};
/* End PBXSourcesBuildPhase section */

/* Begin PBXVariantGroup section */
		D8A2E6D02AD417BD00FA9340 /* LaunchScreen.storyboard */ = {
			isa = PBXVariantGroup;
			children = (
				D8A2E6D12AD417BD00FA9340 /* Base */,
			);
			name = LaunchScreen.storyboard;
			sourceTree = "<group>";
		};
/* End PBXVariantGroup section */

/* Begin XCBuildConfiguration section */
		D8A2E6D42AD417BD00FA9340 /* Debug */ = {
			isa = XCBuildConfiguration;
			buildSettings = {
				ALWAYS_SEARCH_USER_PATHS = NO;
				ASSETCATALOG_COMPILER_GENERATE_SWIFT_ASSET_SYMBOL_EXTENSIONS = YES;
				CLANG_ANALYZER_NONNULL = YES;
				CLANG_ANALYZER_NUMBER_OBJECT_CONVERSION = YES_AGGRESSIVE;
				CLANG_CXX_LANGUAGE_STANDARD = "gnu++20";
				CLANG_ENABLE_MODULES = YES;
				CLANG_ENABLE_OBJC_ARC = YES;
				CLANG_ENABLE_OBJC_WEAK = YES;
				CLANG_WARN_BLOCK_CAPTURE_AUTORELEASING = YES;
				CLANG_WARN_BOOL_CONVERSION = YES;
				CLANG_WARN_COMMA = YES;
				CLANG_WARN_CONSTANT_CONVERSION = YES;
				CLANG_WARN_DEPRECATED_OBJC_IMPLEMENTATIONS = YES;
				CLANG_WARN_DIRECT_OBJC_ISA_USAGE = YES_ERROR;
				CLANG_WARN_DOCUMENTATION_COMMENTS = YES;
				CLANG_WARN_EMPTY_BODY = YES;
				CLANG_WARN_ENUM_CONVERSION = YES;
				CLANG_WARN_INFINITE_RECURSION = YES;
				CLANG_WARN_INT_CONVERSION = YES;
				CLANG_WARN_NON_LITERAL_NULL_CONVERSION = YES;
				CLANG_WARN_OBJC_IMPLICIT_RETAIN_SELF = YES;
				CLANG_WARN_OBJC_LITERAL_CONVERSION = YES;
				CLANG_WARN_OBJC_ROOT_CLASS = YES_ERROR;
				CLANG_WARN_QUOTED_INCLUDE_IN_FRAMEWORK_HEADER = YES;
				CLANG_WARN_RANGE_LOOP_ANALYSIS = YES;
				CLANG_WARN_STRICT_PROTOTYPES = YES;
				CLANG_WARN_SUSPICIOUS_MOVE = YES;
				CLANG_WARN_UNGUARDED_AVAILABILITY = YES_AGGRESSIVE;
				CLANG_WARN_UNREACHABLE_CODE = YES;
				CLANG_WARN__DUPLICATE_METHOD_MATCH = YES;
				COPY_PHASE_STRIP = NO;
				DEBUG_INFORMATION_FORMAT = dwarf;
				ENABLE_STRICT_OBJC_MSGSEND = YES;
				ENABLE_TESTABILITY = YES;
				ENABLE_USER_SCRIPT_SANDBOXING = NO;
				GCC_C_LANGUAGE_STANDARD = gnu17;
				GCC_DYNAMIC_NO_PIC = NO;
				GCC_NO_COMMON_BLOCKS = YES;
				GCC_OPTIMIZATION_LEVEL = 0;
				GCC_PREPROCESSOR_DEFINITIONS = (
					"DEBUG=1",
					"$(inherited)",
				);
				GCC_WARN_64_TO_32_BIT_CONVERSION = YES;
				GCC_WARN_ABOUT_RETURN_TYPE = YES_ERROR;
				GCC_WARN_UNDECLARED_SELECTOR = YES;
				GCC_WARN_UNINITIALIZED_AUTOS = YES_AGGRESSIVE;
				GCC_WARN_UNUSED_FUNCTION = YES;
				GCC_WARN_UNUSED_VARIABLE = YES;
				IPHONEOS_DEPLOYMENT_TARGET = 17.0;
				LOCALIZATION_PREFERS_STRING_CATALOGS = YES;
				MTL_ENABLE_DEBUG_INFO = INCLUDE_SOURCE;
				MTL_FAST_MATH = YES;
				ONLY_ACTIVE_ARCH = YES;
				SDKROOT = iphoneos;
				SWIFT_ACTIVE_COMPILATION_CONDITIONS = "DEBUG $(inherited)";
				SWIFT_OPTIMIZATION_LEVEL = "-Onone";
			};
			name = Debug;
		};
		D8A2E6D52AD417BD00FA9340 /* Release */ = {
			isa = XCBuildConfiguration;
			buildSettings = {
				ALWAYS_SEARCH_USER_PATHS = NO;
				ASSETCATALOG_COMPILER_GENERATE_SWIFT_ASSET_SYMBOL_EXTENSIONS = YES;
				CLANG_ANALYZER_NONNULL = YES;
				CLANG_ANALYZER_NUMBER_OBJECT_CONVERSION = YES_AGGRESSIVE;
				CLANG_CXX_LANGUAGE_STANDARD = "gnu++20";
				CLANG_ENABLE_MODULES = YES;
				CLANG_ENABLE_OBJC_ARC = YES;
				CLANG_ENABLE_OBJC_WEAK = YES;
				CLANG_WARN_BLOCK_CAPTURE_AUTORELEASING = YES;
				CLANG_WARN_BOOL_CONVERSION = YES;
				CLANG_WARN_COMMA = YES;
				CLANG_WARN_CONSTANT_CONVERSION = YES;
				CLANG_WARN_DEPRECATED_OBJC_IMPLEMENTATIONS = YES;
				CLANG_WARN_DIRECT_OBJC_ISA_USAGE = YES_ERROR;
				CLANG_WARN_DOCUMENTATION_COMMENTS = YES;
				CLANG_WARN_EMPTY_BODY = YES;
				CLANG_WARN_ENUM_CONVERSION = YES;
				CLANG_WARN_INFINITE_RECURSION = YES;
				CLANG_WARN_INT_CONVERSION = YES;
				CLANG_WARN_NON_LITERAL_NULL_CONVERSION = YES;
				CLANG_WARN_OBJC_IMPLICIT_RETAIN_SELF = YES;
				CLANG_WARN_OBJC_LITERAL_CONVERSION = YES;
				CLANG_WARN_OBJC_ROOT_CLASS = YES_ERROR;
				CLANG_WARN_QUOTED_INCLUDE_IN_FRAMEWORK_HEADER = YES;
				CLANG_WARN_RANGE_LOOP_ANALYSIS = YES;
				CLANG_WARN_STRICT_PROTOTYPES = YES;
				CLANG_WARN_SUSPICIOUS_MOVE = YES;
				CLANG_WARN_UNGUARDED_AVAILABILITY = YES_AGGRESSIVE;
				CLANG_WARN_UNREACHABLE_CODE = YES;
				CLANG_WARN__DUPLICATE_METHOD_MATCH = YES;
				COPY_PHASE_STRIP = NO;
				DEBUG_INFORMATION_FORMAT = "dwarf-with-dsym";
				ENABLE_NS_ASSERTIONS = NO;
				ENABLE_STRICT_OBJC_MSGSEND = YES;
				ENABLE_USER_SCRIPT_SANDBOXING = NO;
				GCC_C_LANGUAGE_STANDARD = gnu17;
				GCC_NO_COMMON_BLOCKS = YES;
				GCC_WARN_64_TO_32_BIT_CONVERSION = YES;
				GCC_WARN_ABOUT_RETURN_TYPE = YES_ERROR;
				GCC_WARN_UNDECLARED_SELECTOR = YES;
				GCC_WARN_UNINITIALIZED_AUTOS = YES_AGGRESSIVE;
				GCC_WARN_UNUSED_FUNCTION = YES;
				GCC_WARN_UNUSED_VARIABLE = YES;
				IPHONEOS_DEPLOYMENT_TARGET = 17.0;
				LOCALIZATION_PREFERS_STRING_CATALOGS = YES;
				MTL_ENABLE_DEBUG_INFO = NO;
				MTL_FAST_MATH = YES;
				SDKROOT = iphoneos;
				SWIFT_COMPILATION_MODE = wholemodule;
				VALIDATE_PRODUCT = YES;
			};
			name = Release;
		};
		D8A2E6D72AD417BD00FA9340 /* Debug */ = {
			isa = XCBuildConfiguration;
			baseConfigurationReference = D6365D3C6739CBBF991DCE1D /* Pods-iOS_app.debug.xcconfig */;
			buildSettings = {
				ASSETCATALOG_COMPILER_APPICON_NAME = AppIcon;
				ASSETCATALOG_COMPILER_GLOBAL_ACCENT_COLOR_NAME = AccentColor;
				CODE_SIGN_STYLE = Automatic;
				CURRENT_PROJECT_VERSION = 1;
				DEVELOPMENT_TEAM = 7NDYUE6228;
				GENERATE_INFOPLIST_FILE = YES;
				INFOPLIST_FILE = iOS_app/Info.plist;
				INFOPLIST_KEY_UIApplicationSupportsIndirectInputEvents = YES;
				INFOPLIST_KEY_UILaunchStoryboardName = LaunchScreen;
				INFOPLIST_KEY_UISupportedInterfaceOrientations_iPad = "UIInterfaceOrientationPortrait UIInterfaceOrientationPortraitUpsideDown UIInterfaceOrientationLandscapeLeft UIInterfaceOrientationLandscapeRight";
				INFOPLIST_KEY_UISupportedInterfaceOrientations_iPhone = "UIInterfaceOrientationPortrait UIInterfaceOrientationLandscapeLeft UIInterfaceOrientationLandscapeRight";
				LD_RUNPATH_SEARCH_PATHS = (
					"$(inherited)",
					"@executable_path/Frameworks",
				);
				MARKETING_VERSION = 1.0;
				PRODUCT_BUNDLE_IDENTIFIER = "-.iOS-app";
				PRODUCT_NAME = "$(TARGET_NAME)";
				SWIFT_EMIT_LOC_STRINGS = YES;
				SWIFT_VERSION = 5.0;
				TARGETED_DEVICE_FAMILY = "1,2";
			};
			name = Debug;
		};
		D8A2E6D82AD417BD00FA9340 /* Release */ = {
			isa = XCBuildConfiguration;
			baseConfigurationReference = E4D236F934305A206941D917 /* Pods-iOS_app.release.xcconfig */;
			buildSettings = {
				ASSETCATALOG_COMPILER_APPICON_NAME = AppIcon;
				ASSETCATALOG_COMPILER_GLOBAL_ACCENT_COLOR_NAME = AccentColor;
				CODE_SIGN_STYLE = Automatic;
				CURRENT_PROJECT_VERSION = 1;
				DEVELOPMENT_TEAM = 7NDYUE6228;
				GENERATE_INFOPLIST_FILE = YES;
				INFOPLIST_FILE = iOS_app/Info.plist;
				INFOPLIST_KEY_UIApplicationSupportsIndirectInputEvents = YES;
				INFOPLIST_KEY_UILaunchStoryboardName = LaunchScreen;
				INFOPLIST_KEY_UISupportedInterfaceOrientations_iPad = "UIInterfaceOrientationPortrait UIInterfaceOrientationPortraitUpsideDown UIInterfaceOrientationLandscapeLeft UIInterfaceOrientationLandscapeRight";
				INFOPLIST_KEY_UISupportedInterfaceOrientations_iPhone = "UIInterfaceOrientationPortrait UIInterfaceOrientationLandscapeLeft UIInterfaceOrientationLandscapeRight";
				LD_RUNPATH_SEARCH_PATHS = (
					"$(inherited)",
					"@executable_path/Frameworks",
				);
				MARKETING_VERSION = 1.0;
				PRODUCT_BUNDLE_IDENTIFIER = "-.iOS-app";
				PRODUCT_NAME = "$(TARGET_NAME)";
				SWIFT_EMIT_LOC_STRINGS = YES;
				SWIFT_VERSION = 5.0;
				TARGETED_DEVICE_FAMILY = "1,2";
			};
			name = Release;
		};
/* End XCBuildConfiguration section */

/* Begin XCConfigurationList section */
		D8A2E6BD2AD417BB00FA9340 /* Build configuration list for PBXProject "iOS_app" */ = {
			isa = XCConfigurationList;
			buildConfigurations = (
				D8A2E6D42AD417BD00FA9340 /* Debug */,
				D8A2E6D52AD417BD00FA9340 /* Release */,
			);
			defaultConfigurationIsVisible = 0;
			defaultConfigurationName = Release;
		};
		D8A2E6D62AD417BD00FA9340 /* Build configuration list for PBXNativeTarget "iOS_app" */ = {
			isa = XCConfigurationList;
			buildConfigurations = (
				D8A2E6D72AD417BD00FA9340 /* Debug */,
				D8A2E6D82AD417BD00FA9340 /* Release */,
			);
			defaultConfigurationIsVisible = 0;
			defaultConfigurationName = Release;
		};
/* End XCConfigurationList section */
	};
	rootObject = D8A2E6BA2AD417BB00FA9340 /* Project object */;
}
